
Microsoft Visual Studio Solution File, Format Version 12.00
# Visual Studio Version 16
VisualStudioVersion = 16.0.30413.136
MinimumVisualStudioVersion = 10.0.40219.1
Project("{9A19103F-16F7-4668-BE54-9A1E7A4F7556}") = "DataModels", "DataModels\DataModels.csproj", "{F9AC9271-3EF7-487A-BE0E-C916B4B5A640}"
EndProject
Project("{9A19103F-16F7-4668-BE54-9A1E7A4F7556}") = "Models", "Models\Models.csproj", "{32CE0C27-3318-498B-B9DB-2D89860EF04F}"
EndProject
Project("{9A19103F-16F7-4668-BE54-9A1E7A4F7556}") = "Services", "Services\Services.csproj", "{9C6ED612-9A5D-40CC-B479-85D42F95B7ED}"
EndProject
Project("{9A19103F-16F7-4668-BE54-9A1E7A4F7556}") = "WebAPI Project", "WebAPI Project\WebAPI Project.csproj", "{303BFADF-2745-4A20-80FE-107B502B4E43}"
EndProject
Global
	GlobalSection(SolutionConfigurationPlatforms) = preSolution
		Debug|Any CPU = Debug|Any CPU
		Release|Any CPU = Release|Any CPU
	EndGlobalSection
	GlobalSection(ProjectConfigurationPlatforms) = postSolution
		{F9AC9271-3EF7-487A-BE0E-C916B4B5A640}.Debug|Any CPU.ActiveCfg = Debug|Any CPU
		{F9AC9271-3EF7-487A-BE0E-C916B4B5A640}.Debug|Any CPU.Build.0 = Debug|Any CPU
		{F9AC9271-3EF7-487A-BE0E-C916B4B5A640}.Release|Any CPU.ActiveCfg = Release|Any CPU
		{F9AC9271-3EF7-487A-BE0E-C916B4B5A640}.Release|Any CPU.Build.0 = Release|Any CPU
		{32CE0C27-3318-498B-B9DB-2D89860EF04F}.Debug|Any CPU.ActiveCfg = Debug|Any CPU
		{32CE0C27-3318-498B-B9DB-2D89860EF04F}.Debug|Any CPU.Build.0 = Debug|Any CPU
		{32CE0C27-3318-498B-B9DB-2D89860EF04F}.Release|Any CPU.ActiveCfg = Release|Any CPU
		{32CE0C27-3318-498B-B9DB-2D89860EF04F}.Release|Any CPU.Build.0 = Release|Any CPU
		{9C6ED612-9A5D-40CC-B479-85D42F95B7ED}.Debug|Any CPU.ActiveCfg = Debug|Any CPU
		{9C6ED612-9A5D-40CC-B479-85D42F95B7ED}.Debug|Any CPU.Build.0 = Debug|Any CPU
		{9C6ED612-9A5D-40CC-B479-85D42F95B7ED}.Release|Any CPU.ActiveCfg = Release|Any CPU
		{9C6ED612-9A5D-40CC-B479-85D42F95B7ED}.Release|Any CPU.Build.0 = Release|Any CPU
		{303BFADF-2745-4A20-80FE-107B502B4E43}.Debug|Any CPU.ActiveCfg = Debug|Any CPU
		{303BFADF-2745-4A20-80FE-107B502B4E43}.Debug|Any CPU.Build.0 = Debug|Any CPU
		{303BFADF-2745-4A20-80FE-107B502B4E43}.Release|Any CPU.ActiveCfg = Release|Any CPU
		{303BFADF-2745-4A20-80FE-107B502B4E43}.Release|Any CPU.Build.0 = Release|Any CPU
	EndGlobalSection
	GlobalSection(SolutionProperties) = preSolution
		HideSolutionNode = FALSE
	EndGlobalSection
	GlobalSection(ExtensibilityGlobals) = postSolution
		SolutionGuid = {1A2D8B50-32C0-4790-96CF-710A4228E772}
	EndGlobalSection
EndGlobal
