
Microsoft Visual Studio Solution File, Format Version 12.00
# Visual Studio Version 16
VisualStudioVersion = 16.0.30413.136
MinimumVisualStudioVersion = 10.0.40219.1
Project("{FAE04EC0-301F-11D3-BF4B-00C04F79EFBC}") = "CLass04.EntityFramework", "CLass04.EntityFramework\CLass04.EntityFramework.csproj", "{46F3E6CA-BB06-424C-BF74-391AFF45F781}"
EndProject
Project("{FAE04EC0-301F-11D3-BF4B-00C04F79EFBC}") = "Class04.EntityFramework.DataModels", "Class04.EntityFramework.DataModels\Class04.EntityFramework.DataModels.csproj", "{EB513376-A1C9-43EA-90A6-D64F85E3F0C5}"
EndProject
Global
	GlobalSection(SolutionConfigurationPlatforms) = preSolution
		Debug|Any CPU = Debug|Any CPU
		Release|Any CPU = Release|Any CPU
	EndGlobalSection
	GlobalSection(ProjectConfigurationPlatforms) = postSolution
		{46F3E6CA-BB06-424C-BF74-391AFF45F781}.Debug|Any CPU.ActiveCfg = Debug|Any CPU
		{46F3E6CA-BB06-424C-BF74-391AFF45F781}.Debug|Any CPU.Build.0 = Debug|Any CPU
		{46F3E6CA-BB06-424C-BF74-391AFF45F781}.Release|Any CPU.ActiveCfg = Release|Any CPU
		{46F3E6CA-BB06-424C-BF74-391AFF45F781}.Release|Any CPU.Build.0 = Release|Any CPU
		{EB513376-A1C9-43EA-90A6-D64F85E3F0C5}.Debug|Any CPU.ActiveCfg = Debug|Any CPU
		{EB513376-A1C9-43EA-90A6-D64F85E3F0C5}.Debug|Any CPU.Build.0 = Debug|Any CPU
		{EB513376-A1C9-43EA-90A6-D64F85E3F0C5}.Release|Any CPU.ActiveCfg = Release|Any CPU
		{EB513376-A1C9-43EA-90A6-D64F85E3F0C5}.Release|Any CPU.Build.0 = Release|Any CPU
	EndGlobalSection
	GlobalSection(SolutionProperties) = preSolution
		HideSolutionNode = FALSE
	EndGlobalSection
	GlobalSection(ExtensibilityGlobals) = postSolution
		SolutionGuid = {4617548B-A604-4AA3-8119-B81F0E670DDC}
	EndGlobalSection
EndGlobal
